<?xml version="1.0" encoding="utf-8"?>
<Project ToolsVersion="4.0" xmlns="http://schemas.microsoft.com/developer/msbuild/2003">
  <ItemGroup>
    <ClCompile Include="$(MSBuildThisFileDirectory)CharacterController.cpp">
      <Filter>CharacterController</Filter>
    </ClCompile>
    <ClCompile Include="$(MSBuildThisFileDirectory)ComputeShader.cpp">
      <Filter>ComputeShader</Filter>
    </ClCompile>
    <ClCompile Include="$(MSBuildThisFileDirectory)DXModel.cpp">
      <Filter>DXModel</Filter>
    </ClCompile>
    <ClCompile Include="$(MSBuildThisFileDirectory)DXModelResource.cpp">
      <Filter>DXModel</Filter>
    </ClCompile>
    <ClCompile Include="$(MSBuildThisFileDirectory)JoltManager.cpp">
      <Filter>Jolt</Filter>
    </ClCompile>
    <ClCompile Include="$(MSBuildThisFileDirectory)JoltRigidBody.cpp">
      <Filter>Jolt</Filter>
    </ClCompile>
    <ClCompile Include="$(MSBuildThisFileDirectory)Json.cpp">
      <Filter>Json</Filter>
    </ClCompile>
    <ClCompile Include="$(MSBuildThisFileDirectory)PNTDXModelDraw.cpp">
      <Filter>DXModel</Filter>
    </ClCompile>
    <ClCompile Include="$(MSBuildThisFileDirectory)Electrified.cpp">
      <Filter>ElectField</Filter>
    </ClCompile>
    <ClCompile Include="$(MSBuildThisFileDirectory)game_controller.cpp">
      <Filter>SDL</Filter>
    </ClCompile>
    <ClCompile Include="$(MSBuildThisFileDirectory)GameStage.cpp">
      <Filter>Stage</Filter>
    </ClCompile>
    <ClCompile Include="$(MSBuildThisFileDirectory)ProtoStage.cpp">
      <Filter>Stage</Filter>
    </ClCompile>
    <ClCompile Include="$(MSBuildThisFileDirectory)InkDraw.cpp">
      <Filter>Ink</Filter>
    </ClCompile>
    <ClCompile Include="$(MSBuildThisFileDirectory)Goal.cpp">
      <Filter>Object</Filter>
    </ClCompile>
    <ClCompile Include="$(MSBuildThisFileDirectory)Floor.cpp">
      <Filter>Object</Filter>
    </ClCompile>
    <ClCompile Include="$(MSBuildThisFileDirectory)MoveFloor.cpp">
      <Filter>Object</Filter>
    </ClCompile>
    <ClCompile Include="$(MSBuildThisFileDirectory)PowerSupply.cpp">
      <Filter>Object</Filter>
    </ClCompile>
    <ClCompile Include="$(MSBuildThisFileDirectory)Port.cpp">
      <Filter>Object</Filter>
    </ClCompile>
    <ClCompile Include="$(MSBuildThisFileDirectory)Player.cpp">
      <Filter>Player</Filter>
    </ClCompile>
    <ClCompile Include="$(MSBuildThisFileDirectory)TextureCollision.cpp">
      <Filter>Collision</Filter>
    </ClCompile>
    <ClCompile Include="$(MSBuildThisFileDirectory)Character.cpp">
      <Filter>BaseCrossDefault</Filter>
    </ClCompile>
    <ClCompile Include="$(MSBuildThisFileDirectory)ProjectBehavior.cpp">
      <Filter>BaseCrossDefault</Filter>
    </ClCompile>
    <ClCompile Include="$(MSBuildThisFileDirectory)ProjectShader.cpp">
      <Filter>BaseCrossDefault</Filter>
    </ClCompile>
    <ClCompile Include="$(MSBuildThisFileDirectory)WinMain.cpp">
      <Filter>BaseCrossDefault</Filter>
    </ClCompile>
    <ClCompile Include="$(MSBuildThisFileDirectory)Scene.cpp">
      <Filter>Scene</Filter>
    </ClCompile>
    <ClCompile Include="$(MSBuildThisFileDirectory)GoalStage.cpp">
      <Filter>Stage</Filter>
    </ClCompile>
    <ClCompile Include="$(MSBuildThisFileDirectory)InkCloud.cpp">
      <Filter>Ink</Filter>
    </ClCompile>
    <ClCompile Include="$(MSBuildThisFileDirectory)GameStageBase.cpp" />
    <ClCompile Include="$(MSBuildThisFileDirectory)MainCamera.cpp" />
    <ClCompile Include="$(MSBuildThisFileDirectory)FloorDecision.cpp">
      <Filter>Object</Filter>
    </ClCompile>
    <ClCompile Include="$(MSBuildThisFileDirectory)GoalDoor.cpp">
      <Filter>Object</Filter>
    </ClCompile>
    <ClCompile Include="$(MSBuildThisFileDirectory)SoundManager.cpp" />
  </ItemGroup>
  <ItemGroup>
    <ClInclude Include="$(MSBuildThisFileDirectory)CharacterController.h">
      <Filter>CharacterController</Filter>
    </ClInclude>
    <ClInclude Include="$(MSBuildThisFileDirectory)ComputeShader.h">
      <Filter>ComputeShader</Filter>
    </ClInclude>
    <ClInclude Include="$(MSBuildThisFileDirectory)DXModelResource.h">
      <Filter>DXModel</Filter>
    </ClInclude>
    <ClInclude Include="$(MSBuildThisFileDirectory)DXModel.h">
      <Filter>DXModel</Filter>
    </ClInclude>
    <ClInclude Include="$(MSBuildThisFileDirectory)JoltLayers.h">
      <Filter>Jolt</Filter>
    </ClInclude>
    <ClInclude Include="$(MSBuildThisFileDirectory)JoltManager.h">
      <Filter>Jolt</Filter>
    </ClInclude>
    <ClInclude Include="$(MSBuildThisFileDirectory)JoltRigidBody.h">
      <Filter>Jolt</Filter>
    </ClInclude>
    <ClInclude Include="$(MSBuildThisFileDirectory)Json.h">
      <Filter>Json</Filter>
    </ClInclude>
    <ClInclude Include="$(MSBuildThisFileDirectory)PNTDXModelDraw.h">
      <Filter>DXModel</Filter>
    </ClInclude>
    <ClInclude Include="$(MSBuildThisFileDirectory)Electrified.h">
      <Filter>ElectField</Filter>
    </ClInclude>
    <ClInclude Include="$(MSBuildThisFileDirectory)game_controller.h">
      <Filter>SDL</Filter>
    </ClInclude>
    <ClInclude Include="$(MSBuildThisFileDirectory)GameStage.h">
      <Filter>Stage</Filter>
    </ClInclude>
    <ClInclude Include="$(MSBuildThisFileDirectory)ProtoStage.h">
      <Filter>Stage</Filter>
    </ClInclude>
    <ClInclude Include="$(MSBuildThisFileDirectory)InkDraw.h">
      <Filter>Ink</Filter>
    </ClInclude>
    <ClInclude Include="$(MSBuildThisFileDirectory)Goal.h">
      <Filter>Object</Filter>
    </ClInclude>
    <ClInclude Include="$(MSBuildThisFileDirectory)Floor.h">
      <Filter>Object</Filter>
    </ClInclude>
    <ClInclude Include="$(MSBuildThisFileDirectory)MoveFloor.h">
      <Filter>Object</Filter>
    </ClInclude>
    <ClInclude Include="$(MSBuildThisFileDirectory)PowerSupply.h">
      <Filter>Object</Filter>
    </ClInclude>
    <ClInclude Include="$(MSBuildThisFileDirectory)Port.h">
      <Filter>Object</Filter>
    </ClInclude>
    <ClInclude Include="$(MSBuildThisFileDirectory)Player.h">
      <Filter>Player</Filter>
    </ClInclude>
    <ClInclude Include="$(MSBuildThisFileDirectory)TextureCollision.h">
      <Filter>Collision</Filter>
    </ClInclude>
    <ClInclude Include="$(MSBuildThisFileDirectory)Character.h">
      <Filter>BaseCrossDefault</Filter>
    </ClInclude>
    <ClInclude Include="$(MSBuildThisFileDirectory)Project.h">
      <Filter>BaseCrossDefault</Filter>
    </ClInclude>
    <ClInclude Include="$(MSBuildThisFileDirectory)ProjectBehavior.h">
      <Filter>BaseCrossDefault</Filter>
    </ClInclude>
    <ClInclude Include="$(MSBuildThisFileDirectory)ProjectShader.h">
      <Filter>BaseCrossDefault</Filter>
    </ClInclude>
    <ClInclude Include="$(MSBuildThisFileDirectory)Scene.h">
      <Filter>Scene</Filter>
    </ClInclude>
    <ClInclude Include="$(MSBuildThisFileDirectory)GoalStage.h">
      <Filter>Stage</Filter>
    </ClInclude>
    <ClInclude Include="$(MSBuildThisFileDirectory)InkCloud.h">
      <Filter>Ink</Filter>
    </ClInclude>
    <ClInclude Include="$(MSBuildThisFileDirectory)GameStageBase.h" />
    <ClInclude Include="$(MSBuildThisFileDirectory)MainCamera.h" />
    <ClInclude Include="$(MSBuildThisFileDirectory)FloorDecision.h">
      <Filter>Object</Filter>
    </ClInclude>
    <ClInclude Include="$(MSBuildThisFileDirectory)GoalDoor.h">
      <Filter>Object</Filter>
    </ClInclude>
    <ClInclude Include="$(MSBuildThisFileDirectory)Singleton.h" />
    <ClInclude Include="$(MSBuildThisFileDirectory)SoundManager.h" />
  </ItemGroup>
  <ItemGroup>
    <FxCompile Include="$(MSBuildThisFileDirectory)GenerateMaskShader.hlsl">
      <Filter>ComputeShader\HLSL</Filter>
    </FxCompile>
    <FxCompile Include="$(MSBuildThisFileDirectory)UnionFindFirst.hlsl">
      <Filter>ComputeShader\HLSL</Filter>
    </FxCompile>
    <FxCompile Include="$(MSBuildThisFileDirectory)UnionFindSecond.hlsl">
      <Filter>ComputeShader\HLSL</Filter>
    </FxCompile>
  </ItemGroup>
  <ItemGroup>
    <Filter Include="CharacterController">
      <UniqueIdentifier>{d903c12e-040e-46f2-b127-e750a58fc97d}</UniqueIdentifier>
    </Filter>
    <Filter Include="ComputeShader">
      <UniqueIdentifier>{a998916a-603c-4d4b-9616-99905ac93de6}</UniqueIdentifier>
    </Filter>
    <Filter Include="ComputeShader\HLSL">
      <UniqueIdentifier>{2d9b5534-9e23-4a10-bbf0-074713f10952}</UniqueIdentifier>
    </Filter>
    <Filter Include="DXModel">
      <UniqueIdentifier>{58b48b93-c737-4ad9-ac1b-b47a6eab3f80}</UniqueIdentifier>
    </Filter>
    <Filter Include="Jolt">
      <UniqueIdentifier>{b70065a2-04a4-4ee4-9308-98eafcac3b9e}</UniqueIdentifier>
    </Filter>
    <Filter Include="Json">
      <UniqueIdentifier>{80f7d141-9b21-42bd-be45-b9e258562911}</UniqueIdentifier>
    </Filter>
    <Filter Include="ElectField">
      <UniqueIdentifier>{70af4f6c-214c-4102-a5d4-4115bb16c306}</UniqueIdentifier>
    </Filter>
    <Filter Include="SDL">
      <UniqueIdentifier>{21005080-bde7-4725-820f-07f422b184b7}</UniqueIdentifier>
    </Filter>
    <Filter Include="Stage">
      <UniqueIdentifier>{69b745d6-5076-4dd0-8a29-83b1609b152b}</UniqueIdentifier>
    </Filter>
    <Filter Include="Ink">
      <UniqueIdentifier>{30bb81fd-7dee-4180-8080-1515a9496b9a}</UniqueIdentifier>
    </Filter>
    <Filter Include="Object">
      <UniqueIdentifier>{690d37f3-5be3-4c61-8a8f-c126cf0b0d2f}</UniqueIdentifier>
    </Filter>
    <Filter Include="Player">
      <UniqueIdentifier>{e317e7b6-a9cd-4c3a-8c7c-3f78265ed0c6}</UniqueIdentifier>
    </Filter>
    <Filter Include="Collision">
      <UniqueIdentifier>{49f07e7a-645d-45c4-b329-9162c5e381e6}</UniqueIdentifier>
    </Filter>
    <Filter Include="BaseCrossDefault">
      <UniqueIdentifier>{d8b2750f-4b8f-4330-ab6b-4ad128af7700}</UniqueIdentifier>
    </Filter>
    <Filter Include="Scene">
      <UniqueIdentifier>{7f8702b4-8f16-4612-9532-30796c5c8a46}</UniqueIdentifier>
    </Filter>
  </ItemGroup>
</Project>