<?xml version="1.0" encoding="utf-8"?>
<Project ToolsVersion="4.0" xmlns="http://schemas.microsoft.com/developer/msbuild/2003">
  <ItemGroup>
    <ClCompile Include="$(MSBuildThisFileDirectory)Character.cpp" />
    <ClCompile Include="$(MSBuildThisFileDirectory)CharacterController.cpp" />
    <ClCompile Include="$(MSBuildThisFileDirectory)DXModel.cpp" />
    <ClCompile Include="$(MSBuildThisFileDirectory)DXModelResource.cpp" />
    <ClCompile Include="$(MSBuildThisFileDirectory)Floor.cpp" />
    <ClCompile Include="$(MSBuildThisFileDirectory)GameStage.cpp" />
    <ClCompile Include="$(MSBuildThisFileDirectory)game_controller.cpp" />
    <ClCompile Include="$(MSBuildThisFileDirectory)InkDraw.cpp" />
    <ClCompile Include="$(MSBuildThisFileDirectory)JoltManager.cpp" />
    <ClCompile Include="$(MSBuildThisFileDirectory)JoltRigidBody.cpp" />
    <ClCompile Include="$(MSBuildThisFileDirectory)Player.cpp" />
    <ClCompile Include="$(MSBuildThisFileDirectory)PNTDXModelDraw.cpp" />
    <ClCompile Include="$(MSBuildThisFileDirectory)Port.cpp" />
    <ClCompile Include="$(MSBuildThisFileDirectory)PowerSupply.cpp" />
    <ClCompile Include="$(MSBuildThisFileDirectory)ProjectBehavior.cpp" />
    <ClCompile Include="$(MSBuildThisFileDirectory)ProjectShader.cpp" />
    <ClCompile Include="$(MSBuildThisFileDirectory)ProtoStage.cpp" />
    <ClCompile Include="$(MSBuildThisFileDirectory)Scene.cpp" />
    <ClCompile Include="$(MSBuildThisFileDirectory)WinMain.cpp" />
    <ClCompile Include="$(MSBuildThisFileDirectory)Goal.cpp" />
    <ClCompile Include="$(MSBuildThisFileDirectory)MainCamera.cpp" />
    <ClCompile Include="$(MSBuildThisFileDirectory)UpDownFloor.cpp" />
    <ClCompile Include="$(MSBuildThisFileDirectory)Electrified.cpp" />
    <ClCompile Include="$(MSBuildThisFileDirectory)ComputeShader.cpp" />
    <ClCompile Include="$(MSBuildThisFileDirectory)TextureCollision.cpp" />
  </ItemGroup>
  <ItemGroup>
    <ClInclude Include="$(MSBuildThisFileDirectory)Character.h" />
    <ClInclude Include="$(MSBuildThisFileDirectory)CharacterController.h" />
    <ClInclude Include="$(MSBuildThisFileDirectory)DXModel.h" />
    <ClInclude Include="$(MSBuildThisFileDirectory)DXModelResource.h" />
    <ClInclude Include="$(MSBuildThisFileDirectory)Floor.h" />
    <ClInclude Include="$(MSBuildThisFileDirectory)GameStage.h" />
    <ClInclude Include="$(MSBuildThisFileDirectory)game_controller.h" />
    <ClInclude Include="$(MSBuildThisFileDirectory)InkDraw.h" />
    <ClInclude Include="$(MSBuildThisFileDirectory)JoltLayers.h" />
    <ClInclude Include="$(MSBuildThisFileDirectory)JoltManager.h" />
    <ClInclude Include="$(MSBuildThisFileDirectory)JoltRigidBody.h" />
    <ClInclude Include="$(MSBuildThisFileDirectory)Player.h" />
    <ClInclude Include="$(MSBuildThisFileDirectory)PNTDXModelDraw.h" />
    <ClInclude Include="$(MSBuildThisFileDirectory)Port.h" />
    <ClInclude Include="$(MSBuildThisFileDirectory)PowerSupply.h" />
    <ClInclude Include="$(MSBuildThisFileDirectory)Project.h" />
    <ClInclude Include="$(MSBuildThisFileDirectory)ProjectBehavior.h" />
    <ClInclude Include="$(MSBuildThisFileDirectory)ProjectShader.h" />
    <ClInclude Include="$(MSBuildThisFileDirectory)ProtoStage.h" />
    <ClInclude Include="$(MSBuildThisFileDirectory)Scene.h" />
    <ClInclude Include="$(MSBuildThisFileDirectory)Goal.h" />
    <ClInclude Include="$(MSBuildThisFileDirectory)MainCamera.h" />
    <ClInclude Include="$(MSBuildThisFileDirectory)UpDownFloor.h" />
    <ClInclude Include="$(MSBuildThisFileDirectory)Electrified.h" />
    <ClInclude Include="$(MSBuildThisFileDirectory)ComputeShader.h" />
    <ClInclude Include="$(MSBuildThisFileDirectory)TextureCollision.h" />
  </ItemGroup>
  <ItemGroup>
    <FxCompile Include="$(MSBuildThisFileDirectory)TestComputeShader.hlsl" />
  </ItemGroup>
</Project>